// !$*UTF8*$!
{
	archiveVersion = 1;
	classes = {
	};
	objectVersion = 46;
	objects = {

/* Begin PBXBuildFile section */
		4D5DD7801EFD0DA5006BEC4F /* main.m in Sources */ = {isa = PBXBuildFile; fileRef = 4D5DD77F1EFD0DA5006BEC4F /* main.m */; };
		4D5DD7831EFD0DA5006BEC4F /* AppDelegate.m in Sources */ = {isa = PBXBuildFile; fileRef = 4D5DD7821EFD0DA5006BEC4F /* AppDelegate.m */; };
		4D5DD7891EFD0DA5006BEC4F /* Main.storyboard in Resources */ = {isa = PBXBuildFile; fileRef = 4D5DD7871EFD0DA5006BEC4F /* Main.storyboard */; };
		4D5DD78B1EFD0DA5006BEC4F /* Assets.xcassets in Resources */ = {isa = PBXBuildFile; fileRef = 4D5DD78A1EFD0DA5006BEC4F /* Assets.xcassets */; };
		4D5DD7991EFD0DA5006BEC4F /* HHJPageControllerTests.m in Sources */ = {isa = PBXBuildFile; fileRef = 4D5DD7981EFD0DA5006BEC4F /* HHJPageControllerTests.m */; };
		4D5DD7A41EFD0DA5006BEC4F /* HHJPageControllerUITests.m in Sources */ = {isa = PBXBuildFile; fileRef = 4D5DD7A31EFD0DA5006BEC4F /* HHJPageControllerUITests.m */; };
		4D5DD7B31EFD0E46006BEC4F /* HHJPageController.m in Sources */ = {isa = PBXBuildFile; fileRef = 4D5DD7B21EFD0E46006BEC4F /* HHJPageController.m */; };
		4D5DD7B61EFD1150006BEC4F /* SubViewController.m in Sources */ = {isa = PBXBuildFile; fileRef = 4D5DD7B51EFD1150006BEC4F /* SubViewController.m */; };
		4D5DD7BA1EFD131D006BEC4F /* UIView+HHJExtension.m in Sources */ = {isa = PBXBuildFile; fileRef = 4D5DD7B91EFD131D006BEC4F /* UIView+HHJExtension.m */; };
/* End PBXBuildFile section */

/* Begin PBXContainerItemProxy section */
		4D5DD7951EFD0DA5006BEC4F /* PBXContainerItemProxy */ = {
			isa = PBXContainerItemProxy;
			containerPortal = 4D5DD7731EFD0DA5006BEC4F /* Project object */;
			proxyType = 1;
			remoteGlobalIDString = 4D5DD77A1EFD0DA5006BEC4F;
			remoteInfo = HHJPageController;
		};
		4D5DD7A01EFD0DA5006BEC4F /* PBXContainerItemProxy */ = {
			isa = PBXContainerItemProxy;
			containerPortal = 4D5DD7731EFD0DA5006BEC4F /* Project object */;
			proxyType = 1;
			remoteGlobalIDString = 4D5DD77A1EFD0DA5006BEC4F;
			remoteInfo = HHJPageController;
		};
/* End PBXContainerItemProxy section */

/* Begin PBXFileReference section */
		4D5DD77B1EFD0DA5006BEC4F /* HHJPageController.app */ = {isa = PBXFileReference; explicitFileType = wrapper.application; includeInIndex = 0; path = HHJPageController.app; sourceTree = BUILT_PRODUCTS_DIR; };
		4D5DD77F1EFD0DA5006BEC4F /* main.m */ = {isa = PBXFileReference; lastKnownFileType = sourcecode.c.objc; path = main.m; sourceTree = "<group>"; };
		4D5DD7811EFD0DA5006BEC4F /* AppDelegate.h */ = {isa = PBXFileReference; lastKnownFileType = sourcecode.c.h; path = AppDelegate.h; sourceTree = "<group>"; };
		4D5DD7821EFD0DA5006BEC4F /* AppDelegate.m */ = {isa = PBXFileReference; lastKnownFileType = sourcecode.c.objc; path = AppDelegate.m; sourceTree = "<group>"; };
		4D5DD7881EFD0DA5006BEC4F /* Base */ = {isa = PBXFileReference; lastKnownFileType = file.storyboard; name = Base; path = Base.lproj/Main.storyboard; sourceTree = "<group>"; };
		4D5DD78A1EFD0DA5006BEC4F /* Assets.xcassets */ = {isa = PBXFileReference; lastKnownFileType = folder.assetcatalog; path = Assets.xcassets; sourceTree = "<group>"; };
		4D5DD78F1EFD0DA5006BEC4F /* Info.plist */ = {isa = PBXFileReference; lastKnownFileType = text.plist.xml; path = Info.plist; sourceTree = "<group>"; };
		4D5DD7941EFD0DA5006BEC4F /* HHJPageControllerTests.xctest */ = {isa = PBXFileReference; explicitFileType = wrapper.cfbundle; includeInIndex = 0; path = HHJPageControllerTests.xctest; sourceTree = BUILT_PRODUCTS_DIR; };
		4D5DD7981EFD0DA5006BEC4F /* HHJPageControllerTests.m */ = {isa = PBXFileReference; lastKnownFileType = sourcecode.c.objc; path = HHJPageControllerTests.m; sourceTree = "<group>"; };
		4D5DD79A1EFD0DA5006BEC4F /* Info.plist */ = {isa = PBXFileReference; lastKnownFileType = text.plist.xml; path = Info.plist; sourceTree = "<group>"; };
		4D5DD79F1EFD0DA5006BEC4F /* HHJPageControllerUITests.xctest */ = {isa = PBXFileReference; explicitFileType = wrapper.cfbundle; includeInIndex = 0; path = HHJPageControllerUITests.xctest; sourceTree = BUILT_PRODUCTS_DIR; };
		4D5DD7A31EFD0DA5006BEC4F /* HHJPageControllerUITests.m */ = {isa = PBXFileReference; lastKnownFileType = sourcecode.c.objc; path = HHJPageControllerUITests.m; sourceTree = "<group>"; };
		4D5DD7A51EFD0DA5006BEC4F /* Info.plist */ = {isa = PBXFileReference; lastKnownFileType = text.plist.xml; path = Info.plist; sourceTree = "<group>"; };
		4D5DD7B11EFD0E46006BEC4F /* HHJPageController.h */ = {isa = PBXFileReference; fileEncoding = 4; lastKnownFileType = sourcecode.c.h; path = HHJPageController.h; sourceTree = "<group>"; };
		4D5DD7B21EFD0E46006BEC4F /* HHJPageController.m */ = {isa = PBXFileReference; fileEncoding = 4; lastKnownFileType = sourcecode.c.objc; path = HHJPageController.m; sourceTree = "<group>"; };
		4D5DD7B41EFD1150006BEC4F /* SubViewController.h */ = {isa = PBXFileReference; fileEncoding = 4; lastKnownFileType = sourcecode.c.h; path = SubViewController.h; sourceTree = "<group>"; };
		4D5DD7B51EFD1150006BEC4F /* SubViewController.m */ = {isa = PBXFileReference; fileEncoding = 4; lastKnownFileType = sourcecode.c.objc; path = SubViewController.m; sourceTree = "<group>"; };
		4D5DD7B81EFD131D006BEC4F /* UIView+HHJExtension.h */ = {isa = PBXFileReference; fileEncoding = 4; lastKnownFileType = sourcecode.c.h; path = "UIView+HHJExtension.h"; sourceTree = "<group>"; };
		4D5DD7B91EFD131D006BEC4F /* UIView+HHJExtension.m */ = {isa = PBXFileReference; fileEncoding = 4; lastKnownFileType = sourcecode.c.objc; path = "UIView+HHJExtension.m"; sourceTree = "<group>"; };
/* End PBXFileReference section */

/* Begin PBXFrameworksBuildPhase section */
		4D5DD7781EFD0DA5006BEC4F /* Frameworks */ = {
			isa = PBXFrameworksBuildPhase;
			buildActionMask = 2147483647;
			files = (
			);
			runOnlyForDeploymentPostprocessing = 0;
		};
		4D5DD7911EFD0DA5006BEC4F /* Frameworks */ = {
			isa = PBXFrameworksBuildPhase;
			buildActionMask = 2147483647;
			files = (
			);
			runOnlyForDeploymentPostprocessing = 0;
		};
		4D5DD79C1EFD0DA5006BEC4F /* Frameworks */ = {
			isa = PBXFrameworksBuildPhase;
			buildActionMask = 2147483647;
			files = (
			);
			runOnlyForDeploymentPostprocessing = 0;
		};
/* End PBXFrameworksBuildPhase section */

/* Begin PBXGroup section */
		4D5DD7721EFD0DA5006BEC4F = {
			isa = PBXGroup;
			children = (
				4D5DD77D1EFD0DA5006BEC4F /* HHJPageController */,
				4D5DD7971EFD0DA5006BEC4F /* HHJPageControllerTests */,
				4D5DD7A21EFD0DA5006BEC4F /* HHJPageControllerUITests */,
				4D5DD77C1EFD0DA5006BEC4F /* Products */,
			);
			sourceTree = "<group>";
		};
		4D5DD77C1EFD0DA5006BEC4F /* Products */ = {
			isa = PBXGroup;
			children = (
				4D5DD77B1EFD0DA5006BEC4F /* HHJPageController.app */,
				4D5DD7941EFD0DA5006BEC4F /* HHJPageControllerTests.xctest */,
				4D5DD79F1EFD0DA5006BEC4F /* HHJPageControllerUITests.xctest */,
			);
			name = Products;
			sourceTree = "<group>";
		};
		4D5DD77D1EFD0DA5006BEC4F /* HHJPageController */ = {
			isa = PBXGroup;
			children = (
				4D5DD7B71EFD130B006BEC4F /* Lib */,
				4D5DD7811EFD0DA5006BEC4F /* AppDelegate.h */,
				4D5DD7821EFD0DA5006BEC4F /* AppDelegate.m */,
				4D5DD7B11EFD0E46006BEC4F /* HHJPageController.h */,
				4D5DD7B21EFD0E46006BEC4F /* HHJPageController.m */,
				4D5DD7B41EFD1150006BEC4F /* SubViewController.h */,
				4D5DD7B51EFD1150006BEC4F /* SubViewController.m */,
				4D5DD7871EFD0DA5006BEC4F /* Main.storyboard */,
				4D5DD78A1EFD0DA5006BEC4F /* Assets.xcassets */,
				4D5DD78F1EFD0DA5006BEC4F /* Info.plist */,
				4D5DD77E1EFD0DA5006BEC4F /* Supporting Files */,
			);
			path = HHJPageController;
			sourceTree = "<group>";
		};
		4D5DD77E1EFD0DA5006BEC4F /* Supporting Files */ = {
			isa = PBXGroup;
			children = (
				4D5DD77F1EFD0DA5006BEC4F /* main.m */,
			);
			name = "Supporting Files";
			sourceTree = "<group>";
		};
		4D5DD7971EFD0DA5006BEC4F /* HHJPageControllerTests */ = {
			isa = PBXGroup;
			children = (
				4D5DD7981EFD0DA5006BEC4F /* HHJPageControllerTests.m */,
				4D5DD79A1EFD0DA5006BEC4F /* Info.plist */,
			);
			path = HHJPageControllerTests;
			sourceTree = "<group>";
		};
		4D5DD7A21EFD0DA5006BEC4F /* HHJPageControllerUITests */ = {
			isa = PBXGroup;
			children = (
				4D5DD7A31EFD0DA5006BEC4F /* HHJPageControllerUITests.m */,
				4D5DD7A51EFD0DA5006BEC4F /* Info.plist */,
			);
			path = HHJPageControllerUITests;
			sourceTree = "<group>";
		};
		4D5DD7B71EFD130B006BEC4F /* Lib */ = {
			isa = PBXGroup;
			children = (
				4D5DD7B81EFD131D006BEC4F /* UIView+HHJExtension.h */,
				4D5DD7B91EFD131D006BEC4F /* UIView+HHJExtension.m */,
			);
			path = Lib;
			sourceTree = "<group>";
		};
/* End PBXGroup section */

/* Begin PBXNativeTarget section */
		4D5DD77A1EFD0DA5006BEC4F /* HHJPageController */ = {
			isa = PBXNativeTarget;
			buildConfigurationList = 4D5DD7A81EFD0DA5006BEC4F /* Build configuration list for PBXNativeTarget "HHJPageController" */;
			buildPhases = (
				4D5DD7771EFD0DA5006BEC4F /* Sources */,
				4D5DD7781EFD0DA5006BEC4F /* Frameworks */,
				4D5DD7791EFD0DA5006BEC4F /* Resources */,
			);
			buildRules = (
			);
			dependencies = (
			);
			name = HHJPageController;
			productName = HHJPageController;
			productReference = 4D5DD77B1EFD0DA5006BEC4F /* HHJPageController.app */;
			productType = "com.apple.product-type.application";
		};
		4D5DD7931EFD0DA5006BEC4F /* HHJPageControllerTests */ = {
			isa = PBXNativeTarget;
			buildConfigurationList = 4D5DD7AB1EFD0DA5006BEC4F /* Build configuration list for PBXNativeTarget "HHJPageControllerTests" */;
			buildPhases = (
				4D5DD7901EFD0DA5006BEC4F /* Sources */,
				4D5DD7911EFD0DA5006BEC4F /* Frameworks */,
				4D5DD7921EFD0DA5006BEC4F /* Resources */,
			);
			buildRules = (
			);
			dependencies = (
				4D5DD7961EFD0DA5006BEC4F /* PBXTargetDependency */,
			);
			name = HHJPageControllerTests;
			productName = HHJPageControllerTests;
			productReference = 4D5DD7941EFD0DA5006BEC4F /* HHJPageControllerTests.xctest */;
			productType = "com.apple.product-type.bundle.unit-test";
		};
		4D5DD79E1EFD0DA5006BEC4F /* HHJPageControllerUITests */ = {
			isa = PBXNativeTarget;
			buildConfigurationList = 4D5DD7AE1EFD0DA5006BEC4F /* Build configuration list for PBXNativeTarget "HHJPageControllerUITests" */;
			buildPhases = (
				4D5DD79B1EFD0DA5006BEC4F /* Sources */,
				4D5DD79C1EFD0DA5006BEC4F /* Frameworks */,
				4D5DD79D1EFD0DA5006BEC4F /* Resources */,
			);
			buildRules = (
			);
			dependencies = (
				4D5DD7A11EFD0DA5006BEC4F /* PBXTargetDependency */,
			);
			name = HHJPageControllerUITests;
			productName = HHJPageControllerUITests;
			productReference = 4D5DD79F1EFD0DA5006BEC4F /* HHJPageControllerUITests.xctest */;
			productType = "com.apple.product-type.bundle.ui-testing";
		};
/* End PBXNativeTarget section */

/* Begin PBXProject section */
		4D5DD7731EFD0DA5006BEC4F /* Project object */ = {
			isa = PBXProject;
			attributes = {
				LastUpgradeCheck = 0830;
				ORGANIZATIONNAME = "好杰";
				TargetAttributes = {
					4D5DD77A1EFD0DA5006BEC4F = {
						CreatedOnToolsVersion = 8.3.3;
						DevelopmentTeam = GNZBVV9WD3;
						ProvisioningStyle = Automatic;
					};
					4D5DD7931EFD0DA5006BEC4F = {
						CreatedOnToolsVersion = 8.3.3;
						DevelopmentTeam = GNZBVV9WD3;
						ProvisioningStyle = Automatic;
						TestTargetID = 4D5DD77A1EFD0DA5006BEC4F;
					};
					4D5DD79E1EFD0DA5006BEC4F = {
						CreatedOnToolsVersion = 8.3.3;
						DevelopmentTeam = GNZBVV9WD3;
						ProvisioningStyle = Automatic;
						TestTargetID = 4D5DD77A1EFD0DA5006BEC4F;
					};
				};
			};
			buildConfigurationList = 4D5DD7761EFD0DA5006BEC4F /* Build configuration list for PBXProject "HHJPageController" */;
			compatibilityVersion = "Xcode 3.2";
			developmentRegion = English;
			hasScannedForEncodings = 0;
			knownRegions = (
				en,
				Base,
			);
			mainGroup = 4D5DD7721EFD0DA5006BEC4F;
			productRefGroup = 4D5DD77C1EFD0DA5006BEC4F /* Products */;
			projectDirPath = "";
			projectRoot = "";
			targets = (
				4D5DD77A1EFD0DA5006BEC4F /* HHJPageController */,
				4D5DD7931EFD0DA5006BEC4F /* HHJPageControllerTests */,
				4D5DD79E1EFD0DA5006BEC4F /* HHJPageControllerUITests */,
			);
		};
/* End PBXProject section */

/* Begin PBXResourcesBuildPhase section */
		4D5DD7791EFD0DA5006BEC4F /* Resources */ = {
			isa = PBXResourcesBuildPhase;
			buildActionMask = 2147483647;
			files = (
				4D5DD78B1EFD0DA5006BEC4F /* Assets.xcassets in Resources */,
				4D5DD7891EFD0DA5006BEC4F /* Main.storyboard in Resources */,
			);
			runOnlyForDeploymentPostprocessing = 0;
		};
		4D5DD7921EFD0DA5006BEC4F /* Resources */ = {
			isa = PBXResourcesBuildPhase;
			buildActionMask = 2147483647;
			files = (
			);
			runOnlyForDeploymentPostprocessing = 0;
		};
		4D5DD79D1EFD0DA5006BEC4F /* Resources */ = {
			isa = PBXResourcesBuildPhase;
			buildActionMask = 2147483647;
			files = (
			);
			runOnlyForDeploymentPostprocessing = 0;
		};
/* End PBXResourcesBuildPhase section */

/* Begin PBXSourcesBuildPhase section */
		4D5DD7771EFD0DA5006BEC4F /* Sources */ = {
			isa = PBXSourcesBuildPhase;
			buildActionMask = 2147483647;
			files = (
				4D5DD7831EFD0DA5006BEC4F /* AppDelegate.m in Sources */,
				4D5DD7B31EFD0E46006BEC4F /* HHJPageController.m in Sources */,
				4D5DD7BA1EFD131D006BEC4F /* UIView+HHJExtension.m in Sources */,
				4D5DD7801EFD0DA5006BEC4F /* main.m in Sources */,
				4D5DD7B61EFD1150006BEC4F /* SubViewController.m in Sources */,
			);
			runOnlyForDeploymentPostprocessing = 0;
		};
		4D5DD7901EFD0DA5006BEC4F /* Sources */ = {
			isa = PBXSourcesBuildPhase;
			buildActionMask = 2147483647;
			files = (
				4D5DD7991EFD0DA5006BEC4F /* HHJPageControllerTests.m in Sources */,
			);
			runOnlyForDeploymentPostprocessing = 0;
		};
		4D5DD79B1EFD0DA5006BEC4F /* Sources */ = {
			isa = PBXSourcesBuildPhase;
			buildActionMask = 2147483647;
			files = (
				4D5DD7A41EFD0DA5006BEC4F /* HHJPageControllerUITests.m in Sources */,
			);
			runOnlyForDeploymentPostprocessing = 0;
		};
/* End PBXSourcesBuildPhase section */

/* Begin PBXTargetDependency section */
		4D5DD7961EFD0DA5006BEC4F /* PBXTargetDependency */ = {
			isa = PBXTargetDependency;
			target = 4D5DD77A1EFD0DA5006BEC4F /* HHJPageController */;
			targetProxy = 4D5DD7951EFD0DA5006BEC4F /* PBXContainerItemProxy */;
		};
		4D5DD7A11EFD0DA5006BEC4F /* PBXTargetDependency */ = {
			isa = PBXTargetDependency;
			target = 4D5DD77A1EFD0DA5006BEC4F /* HHJPageController */;
			targetProxy = 4D5DD7A01EFD0DA5006BEC4F /* PBXContainerItemProxy */;
		};
/* End PBXTargetDependency section */

/* Begin PBXVariantGroup section */
		4D5DD7871EFD0DA5006BEC4F /* Main.storyboard */ = {
			isa = PBXVariantGroup;
			children = (
				4D5DD7881EFD0DA5006BEC4F /* Base */,
			);
			name = Main.storyboard;
			sourceTree = "<group>";
		};
/* End PBXVariantGroup section */

/* Begin XCBuildConfiguration section */
		4D5DD7A61EFD0DA5006BEC4F /* Debug */ = {
			isa = XCBuildConfiguration;
			buildSettings = {
				ALWAYS_SEARCH_USER_PATHS = NO;
				CLANG_ANALYZER_NONNULL = YES;
				CLANG_ANALYZER_NUMBER_OBJECT_CONVERSION = YES_AGGRESSIVE;
				CLANG_CXX_LANGUAGE_STANDARD = "gnu++0x";
				CLANG_CXX_LIBRARY = "libc++";
				CLANG_ENABLE_MODULES = YES;
				CLANG_ENABLE_OBJC_ARC = YES;
				CLANG_WARN_BOOL_CONVERSION = YES;
				CLANG_WARN_CONSTANT_CONVERSION = YES;
				CLANG_WARN_DIRECT_OBJC_ISA_USAGE = YES_ERROR;
				CLANG_WARN_DOCUMENTATION_COMMENTS = YES;
				CLANG_WARN_EMPTY_BODY = YES;
				CLANG_WARN_ENUM_CONVERSION = YES;
				CLANG_WARN_INFINITE_RECURSION = YES;
				CLANG_WARN_INT_CONVERSION = YES;
				CLANG_WARN_OBJC_ROOT_CLASS = YES_ERROR;
				CLANG_WARN_SUSPICIOUS_MOVE = YES;
				CLANG_WARN_UNREACHABLE_CODE = YES;
				CLANG_WARN__DUPLICATE_METHOD_MATCH = YES;
				"CODE_SIGN_IDENTITY[sdk=iphoneos*]" = "iPhone Developer";
				COPY_PHASE_STRIP = NO;
				DEBUG_INFORMATION_FORMAT = dwarf;
				ENABLE_STRICT_OBJC_MSGSEND = YES;
				ENABLE_TESTABILITY = YES;
				GCC_C_LANGUAGE_STANDARD = gnu99;
				GCC_DYNAMIC_NO_PIC = NO;
				GCC_NO_COMMON_BLOCKS = YES;
				GCC_OPTIMIZATION_LEVEL = 0;
				GCC_PREPROCESSOR_DEFINITIONS = (
					"DEBUG=1",
					"$(inherited)",
				);
				GCC_WARN_64_TO_32_BIT_CONVERSION = YES;
				GCC_WARN_ABOUT_RETURN_TYPE = YES_ERROR;
				GCC_WARN_UNDECLARED_SELECTOR = YES;
				GCC_WARN_UNINITIALIZED_AUTOS = YES_AGGRESSIVE;
				GCC_WARN_UNUSED_FUNCTION = YES;
				GCC_WARN_UNUSED_VARIABLE = YES;
				IPHONEOS_DEPLOYMENT_TARGET = 10.3;
				MTL_ENABLE_DEBUG_INFO = YES;
				ONLY_ACTIVE_ARCH = YES;
				SDKROOT = iphoneos;
			};
			name = Debug;
		};
		4D5DD7A71EFD0DA5006BEC4F /* Release */ = {
			isa = XCBuildConfiguration;
			buildSettings = {
				ALWAYS_SEARCH_USER_PATHS = NO;
				CLANG_ANALYZER_NONNULL = YES;
				CLANG_ANALYZER_NUMBER_OBJECT_CONVERSION = YES_AGGRESSIVE;
				CLANG_CXX_LANGUAGE_STANDARD = "gnu++0x";
				CLANG_CXX_LIBRARY = "libc++";
				CLANG_ENABLE_MODULES = YES;
				CLANG_ENABLE_OBJC_ARC = YES;
				CLANG_WARN_BOOL_CONVERSION = YES;
				CLANG_WARN_CONSTANT_CONVERSION = YES;
				CLANG_WARN_DIRECT_OBJC_ISA_USAGE = YES_ERROR;
				CLANG_WARN_DOCUMENTATION_COMMENTS = YES;
				CLANG_WARN_EMPTY_BODY = YES;
				CLANG_WARN_ENUM_CONVERSION = YES;
				CLANG_WARN_INFINITE_RECURSION = YES;
				CLANG_WARN_INT_CONVERSION = YES;
				CLANG_WARN_OBJC_ROOT_CLASS = YES_ERROR;
				CLANG_WARN_SUSPICIOUS_MOVE = YES;
				CLANG_WARN_UNREACHABLE_CODE = YES;
				CLANG_WARN__DUPLICATE_METHOD_MATCH = YES;
				"CODE_SIGN_IDENTITY[sdk=iphoneos*]" = "iPhone Developer";
				COPY_PHASE_STRIP = NO;
				DEBUG_INFORMATION_FORMAT = "dwarf-with-dsym";
				ENABLE_NS_ASSERTIONS = NO;
				ENABLE_STRICT_OBJC_MSGSEND = YES;
				GCC_C_LANGUAGE_STANDARD = gnu99;
				GCC_NO_COMMON_BLOCKS = YES;
				GCC_WARN_64_TO_32_BIT_CONVERSION = YES;
				GCC_WARN_ABOUT_RETURN_TYPE = YES_ERROR;
				GCC_WARN_UNDECLARED_SELECTOR = YES;
				GCC_WARN_UNINITIALIZED_AUTOS = YES_AGGRESSIVE;
				GCC_WARN_UNUSED_FUNCTION = YES;
				GCC_WARN_UNUSED_VARIABLE = YES;
				IPHONEOS_DEPLOYMENT_TARGET = 10.3;
				MTL_ENABLE_DEBUG_INFO = NO;
				SDKROOT = iphoneos;
				VALIDATE_PRODUCT = YES;
			};
			name = Release;
		};
		4D5DD7A91EFD0DA5006BEC4F /* Debug */ = {
			isa = XCBuildConfiguration;
			buildSettings = {
				ASSETCATALOG_COMPILER_APPICON_NAME = AppIcon;
				DEVELOPMENT_TEAM = GNZBVV9WD3;
				INFOPLIST_FILE = HHJPageController/Info.plist;
				LD_RUNPATH_SEARCH_PATHS = "$(inherited) @executable_path/Frameworks";
				PRODUCT_BUNDLE_IDENTIFIER = com.HHJ.HHJPageController;
				PRODUCT_NAME = "$(TARGET_NAME)";
			};
			name = Debug;
		};
		4D5DD7AA1EFD0DA5006BEC4F /* Release */ = {
			isa = XCBuildConfiguration;
			buildSettings = {
				ASSETCATALOG_COMPILER_APPICON_NAME = AppIcon;
				DEVELOPMENT_TEAM = GNZBVV9WD3;
				INFOPLIST_FILE = HHJPageController/Info.plist;
				LD_RUNPATH_SEARCH_PATHS = "$(inherited) @executable_path/Frameworks";
				PRODUCT_BUNDLE_IDENTIFIER = com.HHJ.HHJPageController;
				PRODUCT_NAME = "$(TARGET_NAME)";
			};
			name = Release;
		};
		4D5DD7AC1EFD0DA5006BEC4F /* Debug */ = {
			isa = XCBuildConfiguration;
			buildSettings = {
				BUNDLE_LOADER = "$(TEST_HOST)";
				DEVELOPMENT_TEAM = GNZBVV9WD3;
				INFOPLIST_FILE = HHJPageControllerTests/Info.plist;
				LD_RUNPATH_SEARCH_PATHS = "$(inherited) @executable_path/Frameworks @loader_path/Frameworks";
				PRODUCT_BUNDLE_IDENTIFIER = com.HHJ.HHJPageControllerTests;
				PRODUCT_NAME = "$(TARGET_NAME)";
				TEST_HOST = "$(BUILT_PRODUCTS_DIR)/HHJPageController.app/HHJPageController";
			};
			name = Debug;
		};
		4D5DD7AD1EFD0DA5006BEC4F /* Release */ = {
			isa = XCBuildConfiguration;
			buildSettings = {
				BUNDLE_LOADER = "$(TEST_HOST)";
				DEVELOPMENT_TEAM = GNZBVV9WD3;
				INFOPLIST_FILE = HHJPageControllerTests/Info.plist;
				LD_RUNPATH_SEARCH_PATHS = "$(inherited) @executable_path/Frameworks @loader_path/Frameworks";
				PRODUCT_BUNDLE_IDENTIFIER = com.HHJ.HHJPageControllerTests;
				PRODUCT_NAME = "$(TARGET_NAME)";
				TEST_HOST = "$(BUILT_PRODUCTS_DIR)/HHJPageController.app/HHJPageController";
			};
			name = Release;
		};
		4D5DD7AF1EFD0DA5006BEC4F /* Debug */ = {
			isa = XCBuildConfiguration;
			buildSettings = {
				DEVELOPMENT_TEAM = GNZBVV9WD3;
				INFOPLIST_FILE = HHJPageControllerUITests/Info.plist;
				LD_RUNPATH_SEARCH_PATHS = "$(inherited) @executable_path/Frameworks @loader_path/Frameworks";
				PRODUCT_BUNDLE_IDENTIFIER = com.HHJ.HHJPageControllerUITests;
				PRODUCT_NAME = "$(TARGET_NAME)";
				TEST_TARGET_NAME = HHJPageController;
			};
			name = Debug;
		};
		4D5DD7B01EFD0DA5006BEC4F /* Release */ = {
			isa = XCBuildConfiguration;
			buildSettings = {
				DEVELOPMENT_TEAM = GNZBVV9WD3;
				INFOPLIST_FILE = HHJPageControllerUITests/Info.plist;
				LD_RUNPATH_SEARCH_PATHS = "$(inherited) @executable_path/Frameworks @loader_path/Frameworks";
				PRODUCT_BUNDLE_IDENTIFIER = com.HHJ.HHJPageControllerUITests;
				PRODUCT_NAME = "$(TARGET_NAME)";
				TEST_TARGET_NAME = HHJPageController;
			};
			name = Release;
		};
/* End XCBuildConfiguration section */

/* Begin XCConfigurationList section */
		4D5DD7761EFD0DA5006BEC4F /* Build configuration list for PBXProject "HHJPageController" */ = {
			isa = XCConfigurationList;
			buildConfigurations = (
				4D5DD7A61EFD0DA5006BEC4F /* Debug */,
				4D5DD7A71EFD0DA5006BEC4F /* Release */,
			);
			defaultConfigurationIsVisible = 0;
			defaultConfigurationName = Release;
		};
		4D5DD7A81EFD0DA5006BEC4F /* Build configuration list for PBXNativeTarget "HHJPageController" */ = {
			isa = XCConfigurationList;
			buildConfigurations = (
				4D5DD7A91EFD0DA5006BEC4F /* Debug */,
				4D5DD7AA1EFD0DA5006BEC4F /* Release */,
			);
			defaultConfigurationIsVisible = 0;
			defaultConfigurationName = Release;
		};
		4D5DD7AB1EFD0DA5006BEC4F /* Build configuration list for PBXNativeTarget "HHJPageControllerTests" */ = {
			isa = XCConfigurationList;
			buildConfigurations = (
				4D5DD7AC1EFD0DA5006BEC4F /* Debug */,
				4D5DD7AD1EFD0DA5006BEC4F /* Release */,
			);
			defaultConfigurationIsVisible = 0;
			defaultConfigurationName = Release;
		};
		4D5DD7AE1EFD0DA5006BEC4F /* Build configuration list for PBXNativeTarget "HHJPageControllerUITests" */ = {
			isa = XCConfigurationList;
			buildConfigurations = (
				4D5DD7AF1EFD0DA5006BEC4F /* Debug */,
				4D5DD7B01EFD0DA5006BEC4F /* Release */,
			);
			defaultConfigurationIsVisible = 0;
			defaultConfigurationName = Release;
		};
/* End XCConfigurationList section */
	};
	rootObject = 4D5DD7731EFD0DA5006BEC4F /* Project object */;
}
